
Microsoft Visual Studio Solution File, Format Version 12.00
# Visual Studio Version 16
VisualStudioVersion = 16.0.30114.105
MinimumVisualStudioVersion = 10.0.40219.1
Project("{9A19103F-16F7-4668-BE54-9A1E7A4F7556}") = "Manager.API", "src\Manager.API\Manager.API.csproj", "{AD220D00-7901-41DA-B285-C97D07BAA45C}"
EndProject
Project("{9A19103F-16F7-4668-BE54-9A1E7A4F7556}") = "Manager.Domain", "src\Manager.Domain\Manager.Domain.csproj", "{ED94EF96-4A87-4453-A7C2-DA976765A326}"
EndProject
Project("{9A19103F-16F7-4668-BE54-9A1E7A4F7556}") = "Manager.Infra", "src\Manager.Infra\Manager.Infra.csproj", "{86B441EC-0F3F-460D-9BA3-9FD0246E4C0F}"
EndProject
Project("{9A19103F-16F7-4668-BE54-9A1E7A4F7556}") = "Manager.Services", "src\Manager.Services\Manager.Services.csproj", "{1BD6E288-6C06-4119-ACA4-6BCF13CC1DB8}"
EndProject
Project("{9A19103F-16F7-4668-BE54-9A1E7A4F7556}") = "Manager.Core", "src\Manager.Core\Manager.Core.csproj", "{213D3171-060B-42CB-881B-91C16086BAFE}"
EndProject
Global
	GlobalSection(SolutionConfigurationPlatforms) = preSolution
		Debug|Any CPU = Debug|Any CPU
		Debug|x64 = Debug|x64
		Debug|x86 = Debug|x86
		Release|Any CPU = Release|Any CPU
		Release|x64 = Release|x64
		Release|x86 = Release|x86
	EndGlobalSection
	GlobalSection(ProjectConfigurationPlatforms) = postSolution
		{AD220D00-7901-41DA-B285-C97D07BAA45C}.Debug|Any CPU.ActiveCfg = Debug|Any CPU
		{AD220D00-7901-41DA-B285-C97D07BAA45C}.Debug|Any CPU.Build.0 = Debug|Any CPU
		{AD220D00-7901-41DA-B285-C97D07BAA45C}.Debug|x64.ActiveCfg = Debug|Any CPU
		{AD220D00-7901-41DA-B285-C97D07BAA45C}.Debug|x64.Build.0 = Debug|Any CPU
		{AD220D00-7901-41DA-B285-C97D07BAA45C}.Debug|x86.ActiveCfg = Debug|Any CPU
		{AD220D00-7901-41DA-B285-C97D07BAA45C}.Debug|x86.Build.0 = Debug|Any CPU
		{AD220D00-7901-41DA-B285-C97D07BAA45C}.Release|Any CPU.ActiveCfg = Release|Any CPU
		{AD220D00-7901-41DA-B285-C97D07BAA45C}.Release|Any CPU.Build.0 = Release|Any CPU
		{AD220D00-7901-41DA-B285-C97D07BAA45C}.Release|x64.ActiveCfg = Release|Any CPU
		{AD220D00-7901-41DA-B285-C97D07BAA45C}.Release|x64.Build.0 = Release|Any CPU
		{AD220D00-7901-41DA-B285-C97D07BAA45C}.Release|x86.ActiveCfg = Release|Any CPU
		{AD220D00-7901-41DA-B285-C97D07BAA45C}.Release|x86.Build.0 = Release|Any CPU
		{ED94EF96-4A87-4453-A7C2-DA976765A326}.Debug|Any CPU.ActiveCfg = Debug|Any CPU
		{ED94EF96-4A87-4453-A7C2-DA976765A326}.Debug|Any CPU.Build.0 = Debug|Any CPU
		{ED94EF96-4A87-4453-A7C2-DA976765A326}.Debug|x64.ActiveCfg = Debug|Any CPU
		{ED94EF96-4A87-4453-A7C2-DA976765A326}.Debug|x64.Build.0 = Debug|Any CPU
		{ED94EF96-4A87-4453-A7C2-DA976765A326}.Debug|x86.ActiveCfg = Debug|Any CPU
		{ED94EF96-4A87-4453-A7C2-DA976765A326}.Debug|x86.Build.0 = Debug|Any CPU
		{ED94EF96-4A87-4453-A7C2-DA976765A326}.Release|Any CPU.ActiveCfg = Release|Any CPU
		{ED94EF96-4A87-4453-A7C2-DA976765A326}.Release|Any CPU.Build.0 = Release|Any CPU
		{ED94EF96-4A87-4453-A7C2-DA976765A326}.Release|x64.ActiveCfg = Release|Any CPU
		{ED94EF96-4A87-4453-A7C2-DA976765A326}.Release|x64.Build.0 = Release|Any CPU
		{ED94EF96-4A87-4453-A7C2-DA976765A326}.Release|x86.ActiveCfg = Release|Any CPU
		{ED94EF96-4A87-4453-A7C2-DA976765A326}.Release|x86.Build.0 = Release|Any CPU
		{86B441EC-0F3F-460D-9BA3-9FD0246E4C0F}.Debug|Any CPU.ActiveCfg = Debug|Any CPU
		{86B441EC-0F3F-460D-9BA3-9FD0246E4C0F}.Debug|Any CPU.Build.0 = Debug|Any CPU
		{86B441EC-0F3F-460D-9BA3-9FD0246E4C0F}.Debug|x64.ActiveCfg = Debug|Any CPU
		{86B441EC-0F3F-460D-9BA3-9FD0246E4C0F}.Debug|x64.Build.0 = Debug|Any CPU
		{86B441EC-0F3F-460D-9BA3-9FD0246E4C0F}.Debug|x86.ActiveCfg = Debug|Any CPU
		{86B441EC-0F3F-460D-9BA3-9FD0246E4C0F}.Debug|x86.Build.0 = Debug|Any CPU
		{86B441EC-0F3F-460D-9BA3-9FD0246E4C0F}.Release|Any CPU.ActiveCfg = Release|Any CPU
		{86B441EC-0F3F-460D-9BA3-9FD0246E4C0F}.Release|Any CPU.Build.0 = Release|Any CPU
		{86B441EC-0F3F-460D-9BA3-9FD0246E4C0F}.Release|x64.ActiveCfg = Release|Any CPU
		{86B441EC-0F3F-460D-9BA3-9FD0246E4C0F}.Release|x64.Build.0 = Release|Any CPU
		{86B441EC-0F3F-460D-9BA3-9FD0246E4C0F}.Release|x86.ActiveCfg = Release|Any CPU
		{86B441EC-0F3F-460D-9BA3-9FD0246E4C0F}.Release|x86.Build.0 = Release|Any CPU
		{1BD6E288-6C06-4119-ACA4-6BCF13CC1DB8}.Debug|Any CPU.ActiveCfg = Debug|Any CPU
		{1BD6E288-6C06-4119-ACA4-6BCF13CC1DB8}.Debug|Any CPU.Build.0 = Debug|Any CPU
		{1BD6E288-6C06-4119-ACA4-6BCF13CC1DB8}.Debug|x64.ActiveCfg = Debug|Any CPU
		{1BD6E288-6C06-4119-ACA4-6BCF13CC1DB8}.Debug|x64.Build.0 = Debug|Any CPU
		{1BD6E288-6C06-4119-ACA4-6BCF13CC1DB8}.Debug|x86.ActiveCfg = Debug|Any CPU
		{1BD6E288-6C06-4119-ACA4-6BCF13CC1DB8}.Debug|x86.Build.0 = Debug|Any CPU
		{1BD6E288-6C06-4119-ACA4-6BCF13CC1DB8}.Release|Any CPU.ActiveCfg = Release|Any CPU
		{1BD6E288-6C06-4119-ACA4-6BCF13CC1DB8}.Release|Any CPU.Build.0 = Release|Any CPU
		{1BD6E288-6C06-4119-ACA4-6BCF13CC1DB8}.Release|x64.ActiveCfg = Release|Any CPU
		{1BD6E288-6C06-4119-ACA4-6BCF13CC1DB8}.Release|x64.Build.0 = Release|Any CPU
		{1BD6E288-6C06-4119-ACA4-6BCF13CC1DB8}.Release|x86.ActiveCfg = Release|Any CPU
		{1BD6E288-6C06-4119-ACA4-6BCF13CC1DB8}.Release|x86.Build.0 = Release|Any CPU
		{213D3171-060B-42CB-881B-91C16086BAFE}.Debug|Any CPU.ActiveCfg = Debug|Any CPU
		{213D3171-060B-42CB-881B-91C16086BAFE}.Debug|Any CPU.Build.0 = Debug|Any CPU
		{213D3171-060B-42CB-881B-91C16086BAFE}.Debug|x64.ActiveCfg = Debug|Any CPU
		{213D3171-060B-42CB-881B-91C16086BAFE}.Debug|x64.Build.0 = Debug|Any CPU
		{213D3171-060B-42CB-881B-91C16086BAFE}.Debug|x86.ActiveCfg = Debug|Any CPU
		{213D3171-060B-42CB-881B-91C16086BAFE}.Debug|x86.Build.0 = Debug|Any CPU
		{213D3171-060B-42CB-881B-91C16086BAFE}.Release|Any CPU.ActiveCfg = Release|Any CPU
		{213D3171-060B-42CB-881B-91C16086BAFE}.Release|Any CPU.Build.0 = Release|Any CPU
		{213D3171-060B-42CB-881B-91C16086BAFE}.Release|x64.ActiveCfg = Release|Any CPU
		{213D3171-060B-42CB-881B-91C16086BAFE}.Release|x64.Build.0 = Release|Any CPU
		{213D3171-060B-42CB-881B-91C16086BAFE}.Release|x86.ActiveCfg = Release|Any CPU
		{213D3171-060B-42CB-881B-91C16086BAFE}.Release|x86.Build.0 = Release|Any CPU
	EndGlobalSection
	GlobalSection(SolutionProperties) = preSolution
		HideSolutionNode = FALSE
	EndGlobalSection
	GlobalSection(ExtensibilityGlobals) = postSolution
		SolutionGuid = {6E548B8C-CA55-4776-BA31-90C0B399EDBD}
	EndGlobalSection
EndGlobal
